
Microsoft Visual Studio Solution File, Format Version 12.00
# Visual Studio 15
VisualStudioVersion = 15.0.28307.136
MinimumVisualStudioVersion = 10.0.40219.1
Project("{8BC9CEB8-8B4A-11D0-8D11-00A0C91BC942}") = "Ch01", "Ch01\Ch01.vcxproj", "{9CE30E36-3E30-4DBF-8670-E94BFD0766A9}"
EndProject
Global
	GlobalSection(SolutionConfigurationPlatforms) = preSolution
		Debug|x64 = Debug|x64
		Debug|x86 = Debug|x86
		Release|x64 = Release|x64
		Release|x86 = Release|x86
	EndGlobalSection
	GlobalSection(ProjectConfigurationPlatforms) = postSolution
		{9CE30E36-3E30-4DBF-8670-E94BFD0766A9}.Debug|x64.ActiveCfg = Debug|x64
		{9CE30E36-3E30-4DBF-8670-E94BFD0766A9}.Debug|x64.Build.0 = Debug|x64
		{9CE30E36-3E30-4DBF-8670-E94BFD0766A9}.Debug|x86.ActiveCfg = Debug|Win32
		{9CE30E36-3E30-4DBF-8670-E94BFD0766A9}.Debug|x86.Build.0 = Debug|Win32
		{9CE30E36-3E30-4DBF-8670-E94BFD0766A9}.Release|x64.ActiveCfg = Release|x64
		{9CE30E36-3E30-4DBF-8670-E94BFD0766A9}.Release|x64.Build.0 = Release|x64
		{9CE30E36-3E30-4DBF-8670-E94BFD0766A9}.Release|x86.ActiveCfg = Release|Win32
		{9CE30E36-3E30-4DBF-8670-E94BFD0766A9}.Release|x86.Build.0 = Release|Win32
	EndGlobalSection
	GlobalSection(SolutionProperties) = preSolution
		HideSolutionNode = FALSE
	EndGlobalSection
	GlobalSection(ExtensibilityGlobals) = postSolution
		SolutionGuid = {5186A01B-AE98-4E5E-A762-F7ACDF3503BB}
	EndGlobalSection
EndGlobal
